// !$*UTF8*$!
{
	archiveVersion = 1;
	classes = {
	};
	objectVersion = 50;
	objects = {

/* Begin PBXBuildFile section */
		1AC39DE022BE22DA00976C23 /* AppDelegate.swift in Sources */ = {isa = PBXBuildFile; fileRef = 1AC39DDF22BE22DA00976C23 /* AppDelegate.swift */; };
		1AC39DE522BE22DA00976C23 /* Main.storyboard in Resources */ = {isa = PBXBuildFile; fileRef = 1AC39DE322BE22DA00976C23 /* Main.storyboard */; };
		1AC39DE822BE22DA00976C23 /* finalProject2_Yeeun.xcdatamodeld in Sources */ = {isa = PBXBuildFile; fileRef = 1AC39DE622BE22DA00976C23 /* finalProject2_Yeeun.xcdatamodeld */; };
		1AC39DEA22BE22DB00976C23 /* Assets.xcassets in Resources */ = {isa = PBXBuildFile; fileRef = 1AC39DE922BE22DB00976C23 /* Assets.xcassets */; };
		1AC39DED22BE22DB00976C23 /* LaunchScreen.storyboard in Resources */ = {isa = PBXBuildFile; fileRef = 1AC39DEB22BE22DB00976C23 /* LaunchScreen.storyboard */; };
		1AC39DF522BE23EC00976C23 /* RootTableViewController.swift in Sources */ = {isa = PBXBuildFile; fileRef = 1AC39DF422BE23EC00976C23 /* RootTableViewController.swift */; };
		1AC39DF722BE23FE00976C23 /* SaveViewController.swift in Sources */ = {isa = PBXBuildFile; fileRef = 1AC39DF622BE23FE00976C23 /* SaveViewController.swift */; };
		1AC39DF922BE2C8400976C23 /* MemoTableViewController.swift in Sources */ = {isa = PBXBuildFile; fileRef = 1AC39DF822BE2C8400976C23 /* MemoTableViewController.swift */; };
		1AC39DFB22BE2C9500976C23 /* addMemoViewController.swift in Sources */ = {isa = PBXBuildFile; fileRef = 1AC39DFA22BE2C9500976C23 /* addMemoViewController.swift */; };
		1AC39DFD22BE33B900976C23 /* DetailViewController.swift in Sources */ = {isa = PBXBuildFile; fileRef = 1AC39DFC22BE33B900976C23 /* DetailViewController.swift */; };
/* End PBXBuildFile section */

/* Begin PBXFileReference section */
		1AC39DDC22BE22DA00976C23 /* finalProject2_Yeeun.app */ = {isa = PBXFileReference; explicitFileType = wrapper.application; includeInIndex = 0; path = finalProject2_Yeeun.app; sourceTree = BUILT_PRODUCTS_DIR; };
		1AC39DDF22BE22DA00976C23 /* AppDelegate.swift */ = {isa = PBXFileReference; lastKnownFileType = sourcecode.swift; path = AppDelegate.swift; sourceTree = "<group>"; };
		1AC39DE422BE22DA00976C23 /* Base */ = {isa = PBXFileReference; lastKnownFileType = file.storyboard; name = Base; path = Base.lproj/Main.storyboard; sourceTree = "<group>"; };
		1AC39DE722BE22DA00976C23 /* finalProject2_Yeeun.xcdatamodel */ = {isa = PBXFileReference; lastKnownFileType = wrapper.xcdatamodel; path = finalProject2_Yeeun.xcdatamodel; sourceTree = "<group>"; };
		1AC39DE922BE22DB00976C23 /* Assets.xcassets */ = {isa = PBXFileReference; lastKnownFileType = folder.assetcatalog; path = Assets.xcassets; sourceTree = "<group>"; };
		1AC39DEC22BE22DB00976C23 /* Base */ = {isa = PBXFileReference; lastKnownFileType = file.storyboard; name = Base; path = Base.lproj/LaunchScreen.storyboard; sourceTree = "<group>"; };
		1AC39DEE22BE22DB00976C23 /* Info.plist */ = {isa = PBXFileReference; lastKnownFileType = text.plist.xml; path = Info.plist; sourceTree = "<group>"; };
		1AC39DF422BE23EC00976C23 /* RootTableViewController.swift */ = {isa = PBXFileReference; lastKnownFileType = sourcecode.swift; path = RootTableViewController.swift; sourceTree = "<group>"; };
		1AC39DF622BE23FE00976C23 /* SaveViewController.swift */ = {isa = PBXFileReference; lastKnownFileType = sourcecode.swift; path = SaveViewController.swift; sourceTree = "<group>"; };
		1AC39DF822BE2C8400976C23 /* MemoTableViewController.swift */ = {isa = PBXFileReference; lastKnownFileType = sourcecode.swift; path = MemoTableViewController.swift; sourceTree = "<group>"; };
		1AC39DFA22BE2C9500976C23 /* addMemoViewController.swift */ = {isa = PBXFileReference; lastKnownFileType = sourcecode.swift; path = addMemoViewController.swift; sourceTree = "<group>"; };
		1AC39DFC22BE33B900976C23 /* DetailViewController.swift */ = {isa = PBXFileReference; lastKnownFileType = sourcecode.swift; path = DetailViewController.swift; sourceTree = "<group>"; };
/* End PBXFileReference section */

/* Begin PBXFrameworksBuildPhase section */
		1AC39DD922BE22DA00976C23 /* Frameworks */ = {
			isa = PBXFrameworksBuildPhase;
			buildActionMask = 2147483647;
			files = (
			);
			runOnlyForDeploymentPostprocessing = 0;
		};
/* End PBXFrameworksBuildPhase section */

/* Begin PBXGroup section */
		1AC39DD322BE22DA00976C23 = {
			isa = PBXGroup;
			children = (
				1AC39DDE22BE22DA00976C23 /* finalProject2_Yeeun */,
				1AC39DDD22BE22DA00976C23 /* Products */,
			);
			sourceTree = "<group>";
		};
		1AC39DDD22BE22DA00976C23 /* Products */ = {
			isa = PBXGroup;
			children = (
				1AC39DDC22BE22DA00976C23 /* finalProject2_Yeeun.app */,
			);
			name = Products;
			sourceTree = "<group>";
		};
		1AC39DDE22BE22DA00976C23 /* finalProject2_Yeeun */ = {
			isa = PBXGroup;
			children = (
				1AC39DDF22BE22DA00976C23 /* AppDelegate.swift */,
				1AC39DE322BE22DA00976C23 /* Main.storyboard */,
				1AC39DFC22BE33B900976C23 /* DetailViewController.swift */,
				1AC39DF422BE23EC00976C23 /* RootTableViewController.swift */,
				1AC39DF622BE23FE00976C23 /* SaveViewController.swift */,
				1AC39DE922BE22DB00976C23 /* Assets.xcassets */,
				1AC39DEB22BE22DB00976C23 /* LaunchScreen.storyboard */,
				1AC39DEE22BE22DB00976C23 /* Info.plist */,
				1AC39DE622BE22DA00976C23 /* finalProject2_Yeeun.xcdatamodeld */,
				1AC39DF822BE2C8400976C23 /* MemoTableViewController.swift */,
				1AC39DFA22BE2C9500976C23 /* addMemoViewController.swift */,
			);
			path = finalProject2_Yeeun;
			sourceTree = "<group>";
		};
/* End PBXGroup section */

/* Begin PBXNativeTarget section */
		1AC39DDB22BE22DA00976C23 /* finalProject2_Yeeun */ = {
			isa = PBXNativeTarget;
			buildConfigurationList = 1AC39DF122BE22DB00976C23 /* Build configuration list for PBXNativeTarget "finalProject2_Yeeun" */;
			buildPhases = (
				1AC39DD822BE22DA00976C23 /* Sources */,
				1AC39DD922BE22DA00976C23 /* Frameworks */,
				1AC39DDA22BE22DA00976C23 /* Resources */,
			);
			buildRules = (
			);
			dependencies = (
			);
			name = finalProject2_Yeeun;
			productName = finalProject2_Yeeun;
			productReference = 1AC39DDC22BE22DA00976C23 /* finalProject2_Yeeun.app */;
			productType = "com.apple.product-type.application";
		};
/* End PBXNativeTarget section */

/* Begin PBXProject section */
		1AC39DD422BE22DA00976C23 /* Project object */ = {
			isa = PBXProject;
			attributes = {
				LastSwiftUpdateCheck = 1010;
				LastUpgradeCheck = 1010;
				ORGANIZATIONNAME = yeuen;
				TargetAttributes = {
					1AC39DDB22BE22DA00976C23 = {
						CreatedOnToolsVersion = 10.1;
					};
				};
			};
			buildConfigurationList = 1AC39DD722BE22DA00976C23 /* Build configuration list for PBXProject "finalProject2_Yeeun" */;
			compatibilityVersion = "Xcode 9.3";
			developmentRegion = en;
			hasScannedForEncodings = 0;
			knownRegions = (
				en,
				Base,
			);
			mainGroup = 1AC39DD322BE22DA00976C23;
			productRefGroup = 1AC39DDD22BE22DA00976C23 /* Products */;
			projectDirPath = "";
			projectRoot = "";
			targets = (
				1AC39DDB22BE22DA00976C23 /* finalProject2_Yeeun */,
			);
		};
/* End PBXProject section */

/* Begin PBXResourcesBuildPhase section */
		1AC39DDA22BE22DA00976C23 /* Resources */ = {
			isa = PBXResourcesBuildPhase;
			buildActionMask = 2147483647;
			files = (
				1AC39DED22BE22DB00976C23 /* LaunchScreen.storyboard in Resources */,
				1AC39DEA22BE22DB00976C23 /* Assets.xcassets in Resources */,
				1AC39DE522BE22DA00976C23 /* Main.storyboard in Resources */,
			);
			runOnlyForDeploymentPostprocessing = 0;
		};
/* End PBXResourcesBuildPhase section */

/* Begin PBXSourcesBuildPhase section */
		1AC39DD822BE22DA00976C23 /* Sources */ = {
			isa = PBXSourcesBuildPhase;
			buildActionMask = 2147483647;
			files = (
				1AC39DF922BE2C8400976C23 /* MemoTableViewController.swift in Sources */,
				1AC39DE822BE22DA00976C23 /* finalProject2_Yeeun.xcdatamodeld in Sources */,
				1AC39DFB22BE2C9500976C23 /* addMemoViewController.swift in Sources */,
				1AC39DF722BE23FE00976C23 /* SaveViewController.swift in Sources */,
				1AC39DF522BE23EC00976C23 /* RootTableViewController.swift in Sources */,
				1AC39DE022BE22DA00976C23 /* AppDelegate.swift in Sources */,
				1AC39DFD22BE33B900976C23 /* DetailViewController.swift in Sources */,
			);
			runOnlyForDeploymentPostprocessing = 0;
		};
/* End PBXSourcesBuildPhase section */

/* Begin PBXVariantGroup section */
		1AC39DE322BE22DA00976C23 /* Main.storyboard */ = {
			isa = PBXVariantGroup;
			children = (
				1AC39DE422BE22DA00976C23 /* Base */,
			);
			name = Main.storyboard;
			sourceTree = "<group>";
		};
		1AC39DEB22BE22DB00976C23 /* LaunchScreen.storyboard */ = {
			isa = PBXVariantGroup;
			children = (
				1AC39DEC22BE22DB00976C23 /* Base */,
			);
			name = LaunchScreen.storyboard;
			sourceTree = "<group>";
		};
/* End PBXVariantGroup section */

/* Begin XCBuildConfiguration section */
		1AC39DEF22BE22DB00976C23 /* Debug */ = {
			isa = XCBuildConfiguration;
			buildSettings = {
				ALWAYS_SEARCH_USER_PATHS = NO;
				CLANG_ANALYZER_NONNULL = YES;
				CLANG_ANALYZER_NUMBER_OBJECT_CONVERSION = YES_AGGRESSIVE;
				CLANG_CXX_LANGUAGE_STANDARD = "gnu++14";
				CLANG_CXX_LIBRARY = "libc++";
				CLANG_ENABLE_MODULES = YES;
				CLANG_ENABLE_OBJC_ARC = YES;
				CLANG_ENABLE_OBJC_WEAK = YES;
				CLANG_WARN_BLOCK_CAPTURE_AUTORELEASING = YES;
				CLANG_WARN_BOOL_CONVERSION = YES;
				CLANG_WARN_COMMA = YES;
				CLANG_WARN_CONSTANT_CONVERSION = YES;
				CLANG_WARN_DEPRECATED_OBJC_IMPLEMENTATIONS = YES;
				CLANG_WARN_DIRECT_OBJC_ISA_USAGE = YES_ERROR;
				CLANG_WARN_DOCUMENTATION_COMMENTS = YES;
				CLANG_WARN_EMPTY_BODY = YES;
				CLANG_WARN_ENUM_CONVERSION = YES;
				CLANG_WARN_INFINITE_RECURSION = YES;
				CLANG_WARN_INT_CONVERSION = YES;
				CLANG_WARN_NON_LITERAL_NULL_CONVERSION = YES;
				CLANG_WARN_OBJC_IMPLICIT_RETAIN_SELF = YES;
				CLANG_WARN_OBJC_LITERAL_CONVERSION = YES;
				CLANG_WARN_OBJC_ROOT_CLASS = YES_ERROR;
				CLANG_WARN_RANGE_LOOP_ANALYSIS = YES;
				CLANG_WARN_STRICT_PROTOTYPES = YES;
				CLANG_WARN_SUSPICIOUS_MOVE = YES;
				CLANG_WARN_UNGUARDED_AVAILABILITY = YES_AGGRESSIVE;
				CLANG_WARN_UNREACHABLE_CODE = YES;
				CLANG_WARN__DUPLICATE_METHOD_MATCH = YES;
				CODE_SIGN_IDENTITY = "iPhone Developer";
				COPY_PHASE_STRIP = NO;
				DEBUG_INFORMATION_FORMAT = dwarf;
				ENABLE_STRICT_OBJC_MSGSEND = YES;
				ENABLE_TESTABILITY = YES;
				GCC_C_LANGUAGE_STANDARD = gnu11;
				GCC_DYNAMIC_NO_PIC = NO;
				GCC_NO_COMMON_BLOCKS = YES;
				GCC_OPTIMIZATION_LEVEL = 0;
				GCC_PREPROCESSOR_DEFINITIONS = (
					"DEBUG=1",
					"$(inherited)",
				);
				GCC_WARN_64_TO_32_BIT_CONVERSION = YES;
				GCC_WARN_ABOUT_RETURN_TYPE = YES_ERROR;
				GCC_WARN_UNDECLARED_SELECTOR = YES;
				GCC_WARN_UNINITIALIZED_AUTOS = YES_AGGRESSIVE;
				GCC_WARN_UNUSED_FUNCTION = YES;
				GCC_WARN_UNUSED_VARIABLE = YES;
				IPHONEOS_DEPLOYMENT_TARGET = 12.1;
				MTL_ENABLE_DEBUG_INFO = INCLUDE_SOURCE;
				MTL_FAST_MATH = YES;
				ONLY_ACTIVE_ARCH = YES;
				SDKROOT = iphoneos;
				SWIFT_ACTIVE_COMPILATION_CONDITIONS = DEBUG;
				SWIFT_OPTIMIZATION_LEVEL = "-Onone";
			};
			name = Debug;
		};
		1AC39DF022BE22DB00976C23 /* Release */ = {
			isa = XCBuildConfiguration;
			buildSettings = {
				ALWAYS_SEARCH_USER_PATHS = NO;
				CLANG_ANALYZER_NONNULL = YES;
				CLANG_ANALYZER_NUMBER_OBJECT_CONVERSION = YES_AGGRESSIVE;
				CLANG_CXX_LANGUAGE_STANDARD = "gnu++14";
				CLANG_CXX_LIBRARY = "libc++";
				CLANG_ENABLE_MODULES = YES;
				CLANG_ENABLE_OBJC_ARC = YES;
				CLANG_ENABLE_OBJC_WEAK = YES;
				CLANG_WARN_BLOCK_CAPTURE_AUTORELEASING = YES;
				CLANG_WARN_BOOL_CONVERSION = YES;
				CLANG_WARN_COMMA = YES;
				CLANG_WARN_CONSTANT_CONVERSION = YES;
				CLANG_WARN_DEPRECATED_OBJC_IMPLEMENTATIONS = YES;
				CLANG_WARN_DIRECT_OBJC_ISA_USAGE = YES_ERROR;
				CLANG_WARN_DOCUMENTATION_COMMENTS = YES;
				CLANG_WARN_EMPTY_BODY = YES;
				CLANG_WARN_ENUM_CONVERSION = YES;
				CLANG_WARN_INFINITE_RECURSION = YES;
				CLANG_WARN_INT_CONVERSION = YES;
				CLANG_WARN_NON_LITERAL_NULL_CONVERSION = YES;
				CLANG_WARN_OBJC_IMPLICIT_RETAIN_SELF = YES;
				CLANG_WARN_OBJC_LITERAL_CONVERSION = YES;
				CLANG_WARN_OBJC_ROOT_CLASS = YES_ERROR;
				CLANG_WARN_RANGE_LOOP_ANALYSIS = YES;
				CLANG_WARN_STRICT_PROTOTYPES = YES;
				CLANG_WARN_SUSPICIOUS_MOVE = YES;
				CLANG_WARN_UNGUARDED_AVAILABILITY = YES_AGGRESSIVE;
				CLANG_WARN_UNREACHABLE_CODE = YES;
				CLANG_WARN__DUPLICATE_METHOD_MATCH = YES;
				CODE_SIGN_IDENTITY = "iPhone Developer";
				COPY_PHASE_STRIP = NO;
				DEBUG_INFORMATION_FORMAT = "dwarf-with-dsym";
				ENABLE_NS_ASSERTIONS = NO;
				ENABLE_STRICT_OBJC_MSGSEND = YES;
				GCC_C_LANGUAGE_STANDARD = gnu11;
				GCC_NO_COMMON_BLOCKS = YES;
				GCC_WARN_64_TO_32_BIT_CONVERSION = YES;
				GCC_WARN_ABOUT_RETURN_TYPE = YES_ERROR;
				GCC_WARN_UNDECLARED_SELECTOR = YES;
				GCC_WARN_UNINITIALIZED_AUTOS = YES_AGGRESSIVE;
				GCC_WARN_UNUSED_FUNCTION = YES;
				GCC_WARN_UNUSED_VARIABLE = YES;
				IPHONEOS_DEPLOYMENT_TARGET = 12.1;
				MTL_ENABLE_DEBUG_INFO = NO;
				MTL_FAST_MATH = YES;
				SDKROOT = iphoneos;
				SWIFT_COMPILATION_MODE = wholemodule;
				SWIFT_OPTIMIZATION_LEVEL = "-O";
				VALIDATE_PRODUCT = YES;
			};
			name = Release;
		};
		1AC39DF222BE22DB00976C23 /* Debug */ = {
			isa = XCBuildConfiguration;
			buildSettings = {
				ASSETCATALOG_COMPILER_APPICON_NAME = AppIcon;
				CODE_SIGN_STYLE = Automatic;
				INFOPLIST_FILE = finalProject2_Yeeun/Info.plist;
				LD_RUNPATH_SEARCH_PATHS = (
					"$(inherited)",
					"@executable_path/Frameworks",
				);
				PRODUCT_BUNDLE_IDENTIFIER = "yeuen.finalProject2-Yeeun";
				PRODUCT_NAME = "$(TARGET_NAME)";
				SWIFT_VERSION = 4.2;
				TARGETED_DEVICE_FAMILY = "1,2";
			};
			name = Debug;
		};
		1AC39DF322BE22DB00976C23 /* Release */ = {
			isa = XCBuildConfiguration;
			buildSettings = {
				ASSETCATALOG_COMPILER_APPICON_NAME = AppIcon;
				CODE_SIGN_STYLE = Automatic;
				INFOPLIST_FILE = finalProject2_Yeeun/Info.plist;
				LD_RUNPATH_SEARCH_PATHS = (
					"$(inherited)",
					"@executable_path/Frameworks",
				);
				PRODUCT_BUNDLE_IDENTIFIER = "yeuen.finalProject2-Yeeun";
				PRODUCT_NAME = "$(TARGET_NAME)";
				SWIFT_VERSION = 4.2;
				TARGETED_DEVICE_FAMILY = "1,2";
			};
			name = Release;
		};
/* End XCBuildConfiguration section */

/* Begin XCConfigurationList section */
		1AC39DD722BE22DA00976C23 /* Build configuration list for PBXProject "finalProject2_Yeeun" */ = {
			isa = XCConfigurationList;
			buildConfigurations = (
				1AC39DEF22BE22DB00976C23 /* Debug */,
				1AC39DF022BE22DB00976C23 /* Release */,
			);
			defaultConfigurationIsVisible = 0;
			defaultConfigurationName = Release;
		};
		1AC39DF122BE22DB00976C23 /* Build configuration list for PBXNativeTarget "finalProject2_Yeeun" */ = {
			isa = XCConfigurationList;
			buildConfigurations = (
				1AC39DF222BE22DB00976C23 /* Debug */,
				1AC39DF322BE22DB00976C23 /* Release */,
			);
			defaultConfigurationIsVisible = 0;
			defaultConfigurationName = Release;
		};
/* End XCConfigurationList section */

/* Begin XCVersionGroup section */
		1AC39DE622BE22DA00976C23 /* finalProject2_Yeeun.xcdatamodeld */ = {
			isa = XCVersionGroup;
			children = (
				1AC39DE722BE22DA00976C23 /* finalProject2_Yeeun.xcdatamodel */,
			);
			currentVersion = 1AC39DE722BE22DA00976C23 /* finalProject2_Yeeun.xcdatamodel */;
			path = finalProject2_Yeeun.xcdatamodeld;
			sourceTree = "<group>";
			versionGroupType = wrapper.xcdatamodel;
		};
/* End XCVersionGroup section */
	};
	rootObject = 1AC39DD422BE22DA00976C23 /* Project object */;
}
